
Microsoft Visual Studio Solution File, Format Version 12.00
# Visual Studio Version 17
VisualStudioVersion = 17.11.35303.130
MinimumVisualStudioVersion = 10.0.40219.1
Project("{9A19103F-16F7-4668-BE54-9A1E7A4F7556}") = "GiftNotation", "GiftNotation\GiftNotation.csproj", "{986EA1D0-9F44-482C-A7AD-C4D791EDE538}"
EndProject
Project("{2150E333-8FDC-42A3-9474-1A3956D46DE8}") = "Элементы решения", "Элементы решения", "{FFD09A66-D5EB-4CDE-A266-E07EE2200D10}"
EndProject
Global
	GlobalSection(SolutionConfigurationPlatforms) = preSolution
		Debug|Any CPU = Debug|Any CPU
		Release|Any CPU = Release|Any CPU
	EndGlobalSection
	GlobalSection(ProjectConfigurationPlatforms) = postSolution
		{986EA1D0-9F44-482C-A7AD-C4D791EDE538}.Debug|Any CPU.ActiveCfg = Debug|Any CPU
		{986EA1D0-9F44-482C-A7AD-C4D791EDE538}.Debug|Any CPU.Build.0 = Debug|Any CPU
		{986EA1D0-9F44-482C-A7AD-C4D791EDE538}.Release|Any CPU.ActiveCfg = Release|Any CPU
		{986EA1D0-9F44-482C-A7AD-C4D791EDE538}.Release|Any CPU.Build.0 = Release|Any CPU
	EndGlobalSection
	GlobalSection(SolutionProperties) = preSolution
		HideSolutionNode = FALSE
	EndGlobalSection
	GlobalSection(ExtensibilityGlobals) = postSolution
		SolutionGuid = {48387DC2-2FFE-4230-82FA-A08B5BB43962}
	EndGlobalSection
EndGlobal
